
Microsoft Visual Studio Solution File, Format Version 12.00
# Visual Studio 14
VisualStudioVersion = 14.0.24720.0
MinimumVisualStudioVersion = 10.0.40219.1
Project("{FAE04EC0-301F-11D3-BF4B-00C04F79EFBC}") = "SpriterDotNet.MonoGame.Example.LinuxGL", "SpriterDotNet.MonoGame.Example\Platforms\LinuxGL\SpriterDotNet.MonoGame.Example.LinuxGL.csproj", "{12AB7DD0-9164-4D2D-82EF-406F5A26C4FD}"
EndProject
Project("{D954291E-2A0B-460D-934E-DC6B0785DB48}") = "SpriterDotNet.MonoGame.Example", "SpriterDotNet.MonoGame.Example\SpriterDotNet.MonoGame.Example.shproj", "{3EE9E551-B12D-4049-ABDE-862D2A2527B3}"
EndProject
Project("{D954291E-2A0B-460D-934E-DC6B0785DB48}") = "SpriterDotNet", "SpriterDotNet\SpriterDotNet.shproj", "{7142D477-6358-443E-85EF-27C94DE0C7F4}"
EndProject
Project("{FAE04EC0-301F-11D3-BF4B-00C04F79EFBC}") = "SpriterDotNet.MonoGame", "SpriterDotNet.MonoGame\SpriterDotNet.MonoGame.csproj", "{10C1ED31-6945-4617-85AD-D2575550149D}"
EndProject
Global
	GlobalSection(SharedMSBuildProjectFiles) = preSolution
		SpriterDotNet\SpriterDotNet.projitems*{10c1ed31-6945-4617-85ad-d2575550149d}*SharedItemsImports = 4
		SpriterDotNet.MonoGame.Example\SpriterDotNet.MonoGame.Example.projitems*{1a98eb52-3fb5-4b0f-9745-e1e488a869e0}*SharedItemsImports = 4
		SpriterDotNet.MonoGame.Example\SpriterDotNet.MonoGame.Example.projitems*{3ee9e551-b12d-4049-abde-862d2a2527b3}*SharedItemsImports = 13
		SpriterDotNet\SpriterDotNet.projitems*{7142d477-6358-443e-85ef-27c94de0c7f4}*SharedItemsImports = 13
		SpriterDotNet.MonoGame.Example\SpriterDotNet.MonoGame.Example.projitems*{9ea4c831-7243-402e-a0aa-a502e6e1549e}*SharedItemsImports = 4
	EndGlobalSection
	GlobalSection(SolutionConfigurationPlatforms) = preSolution
		Debug|x86 = Debug|x86
		Release|x86 = Release|x86
	EndGlobalSection
	GlobalSection(ProjectConfigurationPlatforms) = postSolution
		{9EA4C831-7243-402E-A0AA-A502E6E1549E}.Debug|x86.ActiveCfg = Debug|x86
		{9EA4C831-7243-402E-A0AA-A502E6E1549E}.Debug|x86.Build.0 = Debug|x86
		{9EA4C831-7243-402E-A0AA-A502E6E1549E}.Release|x86.ActiveCfg = Release|x86
		{9EA4C831-7243-402E-A0AA-A502E6E1549E}.Release|x86.Build.0 = Release|x86
		{12AB7DD0-9164-4D2D-82EF-406F5A26C4FD}.Debug|x86.ActiveCfg = Debug|x86
		{12AB7DD0-9164-4D2D-82EF-406F5A26C4FD}.Debug|x86.Build.0 = Debug|x86
		{12AB7DD0-9164-4D2D-82EF-406F5A26C4FD}.Release|x86.ActiveCfg = Release|x86
		{12AB7DD0-9164-4D2D-82EF-406F5A26C4FD}.Release|x86.Build.0 = Release|x86
		{10C1ED31-6945-4617-85AD-D2575550149D}.Debug|x86.ActiveCfg = Debug|Any CPU
		{10C1ED31-6945-4617-85AD-D2575550149D}.Debug|x86.Build.0 = Debug|Any CPU
		{10C1ED31-6945-4617-85AD-D2575550149D}.Release|x86.ActiveCfg = Release|Any CPU
		{10C1ED31-6945-4617-85AD-D2575550149D}.Release|x86.Build.0 = Release|Any CPU
	EndGlobalSection
	GlobalSection(SolutionProperties) = preSolution
		HideSolutionNode = FALSE
	EndGlobalSection
EndGlobal
