
Microsoft Visual Studio Solution File, Format Version 12.00
# Visual Studio 14
VisualStudioVersion = 14.0.25420.1
MinimumVisualStudioVersion = 10.0.40219.1
Project("{D954291E-2A0B-460D-934E-DC6B0785DB48}") = "SpriterDotNet.MonoGame.Example", "SpriterDotNet.MonoGame.Example\SpriterDotNet.MonoGame.Example.shproj", "{3EE9E551-B12D-4049-ABDE-862D2A2527B3}"
EndProject
Project("{D954291E-2A0B-460D-934E-DC6B0785DB48}") = "SpriterDotNet", "SpriterDotNet\SpriterDotNet.shproj", "{7142D477-6358-443E-85EF-27C94DE0C7F4}"
EndProject
Project("{FAE04EC0-301F-11D3-BF4B-00C04F79EFBC}") = "SpriterDotNet.MonoGame", "SpriterDotNet.MonoGame\SpriterDotNet.MonoGame.csproj", "{10C1ED31-6945-4617-85AD-D2575550149D}"
EndProject
Project("{FAE04EC0-301F-11D3-BF4B-00C04F79EFBC}") = "SpriterDotNet.MonoGame.Importer", "SpriterDotNet.MonoGame.Importer\SpriterDotNet.MonoGame.Importer.csproj", "{6D91934F-B523-4207-A14A-ED8948CDB9D8}"
EndProject
Project("{FAE04EC0-301F-11D3-BF4B-00C04F79EFBC}") = "SpriterDotNet.MonoGame.Example.DesktopGL", "SpriterDotNet.MonoGame.Example\Platforms\DesktopGL\SpriterDotNet.MonoGame.Example.DesktopGL.csproj", "{8131DBF8-A78A-46FB-81F0-49AE47F4F492}"
EndProject
Global
	GlobalSection(SharedMSBuildProjectFiles) = preSolution
		SpriterDotNet\SpriterDotNet.projitems*{10c1ed31-6945-4617-85ad-d2575550149d}*SharedItemsImports = 4
		SpriterDotNet.MonoGame.Example\SpriterDotNet.MonoGame.Example.projitems*{3ee9e551-b12d-4049-abde-862d2a2527b3}*SharedItemsImports = 13
		SpriterDotNet\SpriterDotNet.projitems*{7142d477-6358-443e-85ef-27c94de0c7f4}*SharedItemsImports = 13
		SpriterDotNet.MonoGame.Example\SpriterDotNet.MonoGame.Example.projitems*{8131dbf8-a78a-46fb-81f0-49ae47f4f492}*SharedItemsImports = 4
	EndGlobalSection
	GlobalSection(SolutionConfigurationPlatforms) = preSolution
		Debug|Any CPU = Debug|Any CPU
		Release|Any CPU = Release|Any CPU
	EndGlobalSection
	GlobalSection(ProjectConfigurationPlatforms) = postSolution
		{10C1ED31-6945-4617-85AD-D2575550149D}.Debug|Any CPU.ActiveCfg = Debug|Any CPU
		{10C1ED31-6945-4617-85AD-D2575550149D}.Debug|Any CPU.Build.0 = Debug|Any CPU
		{10C1ED31-6945-4617-85AD-D2575550149D}.Release|Any CPU.ActiveCfg = Release|Any CPU
		{10C1ED31-6945-4617-85AD-D2575550149D}.Release|Any CPU.Build.0 = Release|Any CPU
		{6D91934F-B523-4207-A14A-ED8948CDB9D8}.Debug|Any CPU.ActiveCfg = Debug|Any CPU
		{6D91934F-B523-4207-A14A-ED8948CDB9D8}.Debug|Any CPU.Build.0 = Debug|Any CPU
		{6D91934F-B523-4207-A14A-ED8948CDB9D8}.Release|Any CPU.ActiveCfg = Release|Any CPU
		{6D91934F-B523-4207-A14A-ED8948CDB9D8}.Release|Any CPU.Build.0 = Release|Any CPU
		{8131DBF8-A78A-46FB-81F0-49AE47F4F492}.Debug|Any CPU.ActiveCfg = Debug|Any CPU
		{8131DBF8-A78A-46FB-81F0-49AE47F4F492}.Debug|Any CPU.Build.0 = Debug|Any CPU
		{8131DBF8-A78A-46FB-81F0-49AE47F4F492}.Release|Any CPU.ActiveCfg = Release|Any CPU
		{8131DBF8-A78A-46FB-81F0-49AE47F4F492}.Release|Any CPU.Build.0 = Release|Any CPU
	EndGlobalSection
	GlobalSection(SolutionProperties) = preSolution
		HideSolutionNode = FALSE
	EndGlobalSection
EndGlobal
